
Microsoft Visual Studio Solution File, Format Version 12.00
# Visual Studio 15
VisualStudioVersion = 15.0.27130.2027
MinimumVisualStudioVersion = 10.0.40219.1
Project("{FAE04EC0-301F-11D3-BF4B-00C04F79EFBC}") = "KompasConverter", "KompasConverter\KompasConverter.csproj", "{36AA29C6-C3FA-4C4C-999A-DF0FB0F73FE6}"
EndProject
Global
	GlobalSection(SolutionConfigurationPlatforms) = preSolution
		Debug|Any CPU = Debug|Any CPU
		Release|Any CPU = Release|Any CPU
	EndGlobalSection
	GlobalSection(ProjectConfigurationPlatforms) = postSolution
		{36AA29C6-C3FA-4C4C-999A-DF0FB0F73FE6}.Debug|Any CPU.ActiveCfg = Debug|Any CPU
		{36AA29C6-C3FA-4C4C-999A-DF0FB0F73FE6}.Debug|Any CPU.Build.0 = Debug|Any CPU
		{36AA29C6-C3FA-4C4C-999A-DF0FB0F73FE6}.Release|Any CPU.ActiveCfg = Release|Any CPU
		{36AA29C6-C3FA-4C4C-999A-DF0FB0F73FE6}.Release|Any CPU.Build.0 = Release|Any CPU
	EndGlobalSection
	GlobalSection(SolutionProperties) = preSolution
		HideSolutionNode = FALSE
	EndGlobalSection
	GlobalSection(ExtensibilityGlobals) = postSolution
		SolutionGuid = {A0DD2B47-FB9E-47AF-872B-01CB0997EED7}
	EndGlobalSection
EndGlobal
